
Microsoft Visual Studio Solution File, Format Version 12.00
# Visual Studio Version 17
VisualStudioVersion = 17.1.32210.238
MinimumVisualStudioVersion = 10.0.40219.1
Project("{FAE04EC0-301F-11D3-BF4B-00C04F79EFBC}") = "PhoneMarketing", "PhoneMarketing\PhoneMarketing.csproj", "{B02D3D30-B6CE-410B-B594-C03413A6A36E}"
EndProject
Global
	GlobalSection(SolutionConfigurationPlatforms) = preSolution
		Debug|Any CPU = Debug|Any CPU
		Release|Any CPU = Release|Any CPU
	EndGlobalSection
	GlobalSection(ProjectConfigurationPlatforms) = postSolution
		{B02D3D30-B6CE-410B-B594-C03413A6A36E}.Debug|Any CPU.ActiveCfg = Debug|Any CPU
		{B02D3D30-B6CE-410B-B594-C03413A6A36E}.Debug|Any CPU.Build.0 = Debug|Any CPU
		{B02D3D30-B6CE-410B-B594-C03413A6A36E}.Release|Any CPU.ActiveCfg = Release|Any CPU
		{B02D3D30-B6CE-410B-B594-C03413A6A36E}.Release|Any CPU.Build.0 = Release|Any CPU
	EndGlobalSection
	GlobalSection(SolutionProperties) = preSolution
		HideSolutionNode = FALSE
	EndGlobalSection
	GlobalSection(ExtensibilityGlobals) = postSolution
		SolutionGuid = {475F6F1B-FE44-4306-8590-80BB32FBB6ED}
	EndGlobalSection
EndGlobal
